
Microsoft Visual Studio Solution File, Format Version 12.00
# Visual Studio Version 17
VisualStudioVersion = 17.4.33205.214
MinimumVisualStudioVersion = 10.0.40219.1
Project("{FAE04EC0-301F-11D3-BF4B-00C04F79EFBC}") = "GeneratePDF", "GeneratePDF\GeneratePDF.csproj", "{655D5A89-4DAC-4B11-8E95-AD7715DC1C4D}"
EndProject
Global
	GlobalSection(SolutionConfigurationPlatforms) = preSolution
		Debug|Any CPU = Debug|Any CPU
		Release|Any CPU = Release|Any CPU
	EndGlobalSection
	GlobalSection(ProjectConfigurationPlatforms) = postSolution
		{655D5A89-4DAC-4B11-8E95-AD7715DC1C4D}.Debug|Any CPU.ActiveCfg = Debug|Any CPU
		{655D5A89-4DAC-4B11-8E95-AD7715DC1C4D}.Debug|Any CPU.Build.0 = Debug|Any CPU
		{655D5A89-4DAC-4B11-8E95-AD7715DC1C4D}.Release|Any CPU.ActiveCfg = Release|Any CPU
		{655D5A89-4DAC-4B11-8E95-AD7715DC1C4D}.Release|Any CPU.Build.0 = Release|Any CPU
	EndGlobalSection
	GlobalSection(SolutionProperties) = preSolution
		HideSolutionNode = FALSE
	EndGlobalSection
	GlobalSection(ExtensibilityGlobals) = postSolution
		SolutionGuid = {7EDD8B10-439B-4B21-9AD6-07063FEF316E}
	EndGlobalSection
EndGlobal
